
Microsoft Visual Studio Solution File, Format Version 12.00
# Visual Studio 15
VisualStudioVersion = 15.0.28010.2026
MinimumVisualStudioVersion = 10.0.40219.1
Project("{8BC9CEB8-8B4A-11D0-8D11-00A0C91BC942}") = "example4_04_Circle", "example4_04_Circle\example4_04_Circle.vcxproj", "{98E40A4D-085D-4A44-8545-A453786DFD52}"
EndProject
Global
	GlobalSection(SolutionConfigurationPlatforms) = preSolution
		Debug|x64 = Debug|x64
		Debug|x86 = Debug|x86
		Release|x64 = Release|x64
		Release|x86 = Release|x86
	EndGlobalSection
	GlobalSection(ProjectConfigurationPlatforms) = postSolution
		{98E40A4D-085D-4A44-8545-A453786DFD52}.Debug|x64.ActiveCfg = Debug|x64
		{98E40A4D-085D-4A44-8545-A453786DFD52}.Debug|x64.Build.0 = Debug|x64
		{98E40A4D-085D-4A44-8545-A453786DFD52}.Debug|x86.ActiveCfg = Debug|Win32
		{98E40A4D-085D-4A44-8545-A453786DFD52}.Debug|x86.Build.0 = Debug|Win32
		{98E40A4D-085D-4A44-8545-A453786DFD52}.Release|x64.ActiveCfg = Release|x64
		{98E40A4D-085D-4A44-8545-A453786DFD52}.Release|x64.Build.0 = Release|x64
		{98E40A4D-085D-4A44-8545-A453786DFD52}.Release|x86.ActiveCfg = Release|Win32
		{98E40A4D-085D-4A44-8545-A453786DFD52}.Release|x86.Build.0 = Release|Win32
	EndGlobalSection
	GlobalSection(SolutionProperties) = preSolution
		HideSolutionNode = FALSE
	EndGlobalSection
	GlobalSection(ExtensibilityGlobals) = postSolution
		SolutionGuid = {961C68AE-3555-46DB-B415-64F837C7AD99}
	EndGlobalSection
EndGlobal
